
Microsoft Visual Studio Solution File, Format Version 12.00
# Visual Studio Version 17
VisualStudioVersion = 17.0.31903.59
MinimumVisualStudioVersion = 10.0.40219.1
Project("{2150E333-8FDC-42A3-9474-1A3956D46DE8}") = "src", "src", "{827E0CD3-B72D-47B6-A68D-7590B98EB39B}"
EndProject
Project("{FAE04EC0-301F-11D3-BF4B-00C04F79EFBC}") = "GoldenRaspberryAwards.API", "src\GoldenRaspberryAwards.API\GoldenRaspberryAwards.API.csproj", "{33D205E1-D8DC-42C9-8BB2-A8114C0C1C4A}"
EndProject
Project("{FAE04EC0-301F-11D3-BF4B-00C04F79EFBC}") = "GoldenRaspberryAwards.Domain", "src\GoldenRaspberryAwards.Domain\GoldenRaspberryAwards.Domain.csproj", "{42F22668-5DF0-4CA2-8218-A91BC68F43D3}"
EndProject
Project("{FAE04EC0-301F-11D3-BF4B-00C04F79EFBC}") = "GoldenRaspberryAwards.Infrastructure", "src\GoldenRaspberryAwards.Infrastructure\GoldenRaspberryAwards.Infrastructure.csproj", "{EFF68A02-0B67-4F50-9010-444A10B3A227}"
EndProject
Project("{2150E333-8FDC-42A3-9474-1A3956D46DE8}") = "tests", "tests", "{0AB3BF05-4346-4AA6-1389-037BE0695223}"
EndProject
Project("{FAE04EC0-301F-11D3-BF4B-00C04F79EFBC}") = "GoldenRaspberryAwards.Tests", "tests\GoldenRaspberryAwards.Tests\GoldenRaspberryAwards.Tests.csproj", "{0EA78441-72A3-46AC-95A7-7E569CF31318}"
EndProject
Global
	GlobalSection(SolutionConfigurationPlatforms) = preSolution
		Debug|Any CPU = Debug|Any CPU
		Debug|x64 = Debug|x64
		Debug|x86 = Debug|x86
		Release|Any CPU = Release|Any CPU
		Release|x64 = Release|x64
		Release|x86 = Release|x86
	EndGlobalSection
	GlobalSection(ProjectConfigurationPlatforms) = postSolution
		{33D205E1-D8DC-42C9-8BB2-A8114C0C1C4A}.Debug|Any CPU.ActiveCfg = Debug|Any CPU
		{33D205E1-D8DC-42C9-8BB2-A8114C0C1C4A}.Debug|Any CPU.Build.0 = Debug|Any CPU
		{33D205E1-D8DC-42C9-8BB2-A8114C0C1C4A}.Debug|x64.ActiveCfg = Debug|Any CPU
		{33D205E1-D8DC-42C9-8BB2-A8114C0C1C4A}.Debug|x64.Build.0 = Debug|Any CPU
		{33D205E1-D8DC-42C9-8BB2-A8114C0C1C4A}.Debug|x86.ActiveCfg = Debug|Any CPU
		{33D205E1-D8DC-42C9-8BB2-A8114C0C1C4A}.Debug|x86.Build.0 = Debug|Any CPU
		{33D205E1-D8DC-42C9-8BB2-A8114C0C1C4A}.Release|Any CPU.ActiveCfg = Release|Any CPU
		{33D205E1-D8DC-42C9-8BB2-A8114C0C1C4A}.Release|Any CPU.Build.0 = Release|Any CPU
		{33D205E1-D8DC-42C9-8BB2-A8114C0C1C4A}.Release|x64.ActiveCfg = Release|Any CPU
		{33D205E1-D8DC-42C9-8BB2-A8114C0C1C4A}.Release|x64.Build.0 = Release|Any CPU
		{33D205E1-D8DC-42C9-8BB2-A8114C0C1C4A}.Release|x86.ActiveCfg = Release|Any CPU
		{33D205E1-D8DC-42C9-8BB2-A8114C0C1C4A}.Release|x86.Build.0 = Release|Any CPU
		{42F22668-5DF0-4CA2-8218-A91BC68F43D3}.Debug|Any CPU.ActiveCfg = Debug|Any CPU
		{42F22668-5DF0-4CA2-8218-A91BC68F43D3}.Debug|Any CPU.Build.0 = Debug|Any CPU
		{42F22668-5DF0-4CA2-8218-A91BC68F43D3}.Debug|x64.ActiveCfg = Debug|Any CPU
		{42F22668-5DF0-4CA2-8218-A91BC68F43D3}.Debug|x64.Build.0 = Debug|Any CPU
		{42F22668-5DF0-4CA2-8218-A91BC68F43D3}.Debug|x86.ActiveCfg = Debug|Any CPU
		{42F22668-5DF0-4CA2-8218-A91BC68F43D3}.Debug|x86.Build.0 = Debug|Any CPU
		{42F22668-5DF0-4CA2-8218-A91BC68F43D3}.Release|Any CPU.ActiveCfg = Release|Any CPU
		{42F22668-5DF0-4CA2-8218-A91BC68F43D3}.Release|Any CPU.Build.0 = Release|Any CPU
		{42F22668-5DF0-4CA2-8218-A91BC68F43D3}.Release|x64.ActiveCfg = Release|Any CPU
		{42F22668-5DF0-4CA2-8218-A91BC68F43D3}.Release|x64.Build.0 = Release|Any CPU
		{42F22668-5DF0-4CA2-8218-A91BC68F43D3}.Release|x86.ActiveCfg = Release|Any CPU
		{42F22668-5DF0-4CA2-8218-A91BC68F43D3}.Release|x86.Build.0 = Release|Any CPU
		{EFF68A02-0B67-4F50-9010-444A10B3A227}.Debug|Any CPU.ActiveCfg = Debug|Any CPU
		{EFF68A02-0B67-4F50-9010-444A10B3A227}.Debug|Any CPU.Build.0 = Debug|Any CPU
		{EFF68A02-0B67-4F50-9010-444A10B3A227}.Debug|x64.ActiveCfg = Debug|Any CPU
		{EFF68A02-0B67-4F50-9010-444A10B3A227}.Debug|x64.Build.0 = Debug|Any CPU
		{EFF68A02-0B67-4F50-9010-444A10B3A227}.Debug|x86.ActiveCfg = Debug|Any CPU
		{EFF68A02-0B67-4F50-9010-444A10B3A227}.Debug|x86.Build.0 = Debug|Any CPU
		{EFF68A02-0B67-4F50-9010-444A10B3A227}.Release|Any CPU.ActiveCfg = Release|Any CPU
		{EFF68A02-0B67-4F50-9010-444A10B3A227}.Release|Any CPU.Build.0 = Release|Any CPU
		{EFF68A02-0B67-4F50-9010-444A10B3A227}.Release|x64.ActiveCfg = Release|Any CPU
		{EFF68A02-0B67-4F50-9010-444A10B3A227}.Release|x64.Build.0 = Release|Any CPU
		{EFF68A02-0B67-4F50-9010-444A10B3A227}.Release|x86.ActiveCfg = Release|Any CPU
		{EFF68A02-0B67-4F50-9010-444A10B3A227}.Release|x86.Build.0 = Release|Any CPU
		{0EA78441-72A3-46AC-95A7-7E569CF31318}.Debug|Any CPU.ActiveCfg = Debug|Any CPU
		{0EA78441-72A3-46AC-95A7-7E569CF31318}.Debug|Any CPU.Build.0 = Debug|Any CPU
		{0EA78441-72A3-46AC-95A7-7E569CF31318}.Debug|x64.ActiveCfg = Debug|Any CPU
		{0EA78441-72A3-46AC-95A7-7E569CF31318}.Debug|x64.Build.0 = Debug|Any CPU
		{0EA78441-72A3-46AC-95A7-7E569CF31318}.Debug|x86.ActiveCfg = Debug|Any CPU
		{0EA78441-72A3-46AC-95A7-7E569CF31318}.Debug|x86.Build.0 = Debug|Any CPU
		{0EA78441-72A3-46AC-95A7-7E569CF31318}.Release|Any CPU.ActiveCfg = Release|Any CPU
		{0EA78441-72A3-46AC-95A7-7E569CF31318}.Release|Any CPU.Build.0 = Release|Any CPU
		{0EA78441-72A3-46AC-95A7-7E569CF31318}.Release|x64.ActiveCfg = Release|Any CPU
		{0EA78441-72A3-46AC-95A7-7E569CF31318}.Release|x64.Build.0 = Release|Any CPU
		{0EA78441-72A3-46AC-95A7-7E569CF31318}.Release|x86.ActiveCfg = Release|Any CPU
		{0EA78441-72A3-46AC-95A7-7E569CF31318}.Release|x86.Build.0 = Release|Any CPU
	EndGlobalSection
	GlobalSection(SolutionProperties) = preSolution
		HideSolutionNode = FALSE
	EndGlobalSection
	GlobalSection(NestedProjects) = preSolution
		{33D205E1-D8DC-42C9-8BB2-A8114C0C1C4A} = {827E0CD3-B72D-47B6-A68D-7590B98EB39B}
		{42F22668-5DF0-4CA2-8218-A91BC68F43D3} = {827E0CD3-B72D-47B6-A68D-7590B98EB39B}
		{EFF68A02-0B67-4F50-9010-444A10B3A227} = {827E0CD3-B72D-47B6-A68D-7590B98EB39B}
		{0EA78441-72A3-46AC-95A7-7E569CF31318} = {0AB3BF05-4346-4AA6-1389-037BE0695223}
	EndGlobalSection
EndGlobal
